// !$*UTF8*$!
{
	archiveVersion = 1;
	classes = {
	};
	objectVersion = 46;
	objects = {

/* Begin PBXBuildFile section */
		9688BC441381C6AA004FA63A /* UIKit.framework in Frameworks */ = {isa = PBXBuildFile; fileRef = 9688BC431381C6AA004FA63A /* UIKit.framework */; };
		9688BC461381C6AA004FA63A /* Foundation.framework in Frameworks */ = {isa = PBXBuildFile; fileRef = 9688BC451381C6AA004FA63A /* Foundation.framework */; };
		9688BC481381C6AA004FA63A /* CoreGraphics.framework in Frameworks */ = {isa = PBXBuildFile; fileRef = 9688BC471381C6AA004FA63A /* CoreGraphics.framework */; };
		9688BC4E1381C6AA004FA63A /* InfoPlist.strings in Resources */ = {isa = PBXBuildFile; fileRef = 9688BC4C1381C6AA004FA63A /* InfoPlist.strings */; };
		9688BC511381C6AA004FA63A /* main.m in Sources */ = {isa = PBXBuildFile; fileRef = 9688BC501381C6AA004FA63A /* main.m */; };
		9688BC541381C6AA004FA63A /* ScrollTableAppDelegate.m in Sources */ = {isa = PBXBuildFile; fileRef = 9688BC531381C6AA004FA63A /* ScrollTableAppDelegate.m */; };
		9688BC571381C6AA004FA63A /* MainWindow.xib in Resources */ = {isa = PBXBuildFile; fileRef = 9688BC551381C6AA004FA63A /* MainWindow.xib */; };
		9688BC5A1381C6AA004FA63A /* ScrollTableViewController.m in Sources */ = {isa = PBXBuildFile; fileRef = 9688BC591381C6AA004FA63A /* ScrollTableViewController.m */; };
		9688BC5D1381C6AA004FA63A /* ScrollTableViewController.xib in Resources */ = {isa = PBXBuildFile; fileRef = 9688BC5B1381C6AA004FA63A /* ScrollTableViewController.xib */; };
		9688BC6D1381C8AA004FA63A /* ScrollableViewController.m in Sources */ = {isa = PBXBuildFile; fileRef = 9688BC6C1381C8AA004FA63A /* ScrollableViewController.m */; };
		9688BC6F1381CD35004FA63A /* twinpeaks28.jpg in Resources */ = {isa = PBXBuildFile; fileRef = 9688BC6E1381CD35004FA63A /* twinpeaks28.jpg */; };
		96FCC27E1382F83100FC4BA0 /* CanvasView.m in Sources */ = {isa = PBXBuildFile; fileRef = 96FCC27D1382F83100FC4BA0 /* CanvasView.m */; };
/* End PBXBuildFile section */

/* Begin PBXFileReference section */
		9688BC3F1381C6AA004FA63A /* ScrollTable.app */ = {isa = PBXFileReference; explicitFileType = wrapper.application; includeInIndex = 0; path = ScrollTable.app; sourceTree = BUILT_PRODUCTS_DIR; };
		9688BC431381C6AA004FA63A /* UIKit.framework */ = {isa = PBXFileReference; lastKnownFileType = wrapper.framework; name = UIKit.framework; path = System/Library/Frameworks/UIKit.framework; sourceTree = SDKROOT; };
		9688BC451381C6AA004FA63A /* Foundation.framework */ = {isa = PBXFileReference; lastKnownFileType = wrapper.framework; name = Foundation.framework; path = System/Library/Frameworks/Foundation.framework; sourceTree = SDKROOT; };
		9688BC471381C6AA004FA63A /* CoreGraphics.framework */ = {isa = PBXFileReference; lastKnownFileType = wrapper.framework; name = CoreGraphics.framework; path = System/Library/Frameworks/CoreGraphics.framework; sourceTree = SDKROOT; };
		9688BC4B1381C6AA004FA63A /* ScrollTable-Info.plist */ = {isa = PBXFileReference; lastKnownFileType = text.plist.xml; path = "ScrollTable-Info.plist"; sourceTree = "<group>"; };
		9688BC4D1381C6AA004FA63A /* en */ = {isa = PBXFileReference; lastKnownFileType = text.plist.strings; name = en; path = en.lproj/InfoPlist.strings; sourceTree = "<group>"; };
		9688BC4F1381C6AA004FA63A /* ScrollTable-Prefix.pch */ = {isa = PBXFileReference; lastKnownFileType = sourcecode.c.h; path = "ScrollTable-Prefix.pch"; sourceTree = "<group>"; };
		9688BC501381C6AA004FA63A /* main.m */ = {isa = PBXFileReference; lastKnownFileType = sourcecode.c.objc; path = main.m; sourceTree = "<group>"; };
		9688BC521381C6AA004FA63A /* ScrollTableAppDelegate.h */ = {isa = PBXFileReference; lastKnownFileType = sourcecode.c.h; path = ScrollTableAppDelegate.h; sourceTree = "<group>"; };
		9688BC531381C6AA004FA63A /* ScrollTableAppDelegate.m */ = {isa = PBXFileReference; lastKnownFileType = sourcecode.c.objc; path = ScrollTableAppDelegate.m; sourceTree = "<group>"; };
		9688BC561381C6AA004FA63A /* en */ = {isa = PBXFileReference; lastKnownFileType = file.xib; name = en; path = en.lproj/MainWindow.xib; sourceTree = "<group>"; };
		9688BC581381C6AA004FA63A /* ScrollTableViewController.h */ = {isa = PBXFileReference; lastKnownFileType = sourcecode.c.h; path = ScrollTableViewController.h; sourceTree = "<group>"; };
		9688BC591381C6AA004FA63A /* ScrollTableViewController.m */ = {isa = PBXFileReference; lastKnownFileType = sourcecode.c.objc; path = ScrollTableViewController.m; sourceTree = "<group>"; };
		9688BC5C1381C6AA004FA63A /* en */ = {isa = PBXFileReference; lastKnownFileType = file.xib; name = en; path = en.lproj/ScrollTableViewController.xib; sourceTree = "<group>"; };
		9688BC6B1381C8AA004FA63A /* ScrollableViewController.h */ = {isa = PBXFileReference; fileEncoding = 4; lastKnownFileType = sourcecode.c.h; path = ScrollableViewController.h; sourceTree = "<group>"; };
		9688BC6C1381C8AA004FA63A /* ScrollableViewController.m */ = {isa = PBXFileReference; fileEncoding = 4; lastKnownFileType = sourcecode.c.objc; path = ScrollableViewController.m; sourceTree = "<group>"; };
		9688BC6E1381CD35004FA63A /* twinpeaks28.jpg */ = {isa = PBXFileReference; lastKnownFileType = image.jpeg; path = twinpeaks28.jpg; sourceTree = "<group>"; };
		96FCC27C1382F83100FC4BA0 /* CanvasView.h */ = {isa = PBXFileReference; fileEncoding = 4; lastKnownFileType = sourcecode.c.h; path = CanvasView.h; sourceTree = "<group>"; };
		96FCC27D1382F83100FC4BA0 /* CanvasView.m */ = {isa = PBXFileReference; fileEncoding = 4; lastKnownFileType = sourcecode.c.objc; path = CanvasView.m; sourceTree = "<group>"; };
/* End PBXFileReference section */

/* Begin PBXFrameworksBuildPhase section */
		9688BC3C1381C6AA004FA63A /* Frameworks */ = {
			isa = PBXFrameworksBuildPhase;
			buildActionMask = 2147483647;
			files = (
				9688BC441381C6AA004FA63A /* UIKit.framework in Frameworks */,
				9688BC461381C6AA004FA63A /* Foundation.framework in Frameworks */,
				9688BC481381C6AA004FA63A /* CoreGraphics.framework in Frameworks */,
			);
			runOnlyForDeploymentPostprocessing = 0;
		};
/* End PBXFrameworksBuildPhase section */

/* Begin PBXGroup section */
		9688BC341381C6AA004FA63A = {
			isa = PBXGroup;
			children = (
				96FCC2801382F83F00FC4BA0 /* CriticalViews */,
				96FCC27C1382F83100FC4BA0 /* CanvasView.h */,
				96FCC27D1382F83100FC4BA0 /* CanvasView.m */,
				9688BC6B1381C8AA004FA63A /* ScrollableViewController.h */,
				9688BC6C1381C8AA004FA63A /* ScrollableViewController.m */,
				9688BC6E1381CD35004FA63A /* twinpeaks28.jpg */,
				9688BC491381C6AA004FA63A /* ScrollTable */,
				9688BC421381C6AA004FA63A /* Frameworks */,
				9688BC401381C6AA004FA63A /* Products */,
			);
			sourceTree = "<group>";
		};
		9688BC401381C6AA004FA63A /* Products */ = {
			isa = PBXGroup;
			children = (
				9688BC3F1381C6AA004FA63A /* ScrollTable.app */,
			);
			name = Products;
			sourceTree = "<group>";
		};
		9688BC421381C6AA004FA63A /* Frameworks */ = {
			isa = PBXGroup;
			children = (
				9688BC431381C6AA004FA63A /* UIKit.framework */,
				9688BC451381C6AA004FA63A /* Foundation.framework */,
				9688BC471381C6AA004FA63A /* CoreGraphics.framework */,
			);
			name = Frameworks;
			sourceTree = "<group>";
		};
		9688BC491381C6AA004FA63A /* ScrollTable */ = {
			isa = PBXGroup;
			children = (
				9688BC521381C6AA004FA63A /* ScrollTableAppDelegate.h */,
				9688BC531381C6AA004FA63A /* ScrollTableAppDelegate.m */,
				9688BC551381C6AA004FA63A /* MainWindow.xib */,
				9688BC581381C6AA004FA63A /* ScrollTableViewController.h */,
				9688BC591381C6AA004FA63A /* ScrollTableViewController.m */,
				9688BC5B1381C6AA004FA63A /* ScrollTableViewController.xib */,
				9688BC4A1381C6AA004FA63A /* Supporting Files */,
			);
			path = ScrollTable;
			sourceTree = "<group>";
		};
		9688BC4A1381C6AA004FA63A /* Supporting Files */ = {
			isa = PBXGroup;
			children = (
				9688BC4B1381C6AA004FA63A /* ScrollTable-Info.plist */,
				9688BC4C1381C6AA004FA63A /* InfoPlist.strings */,
				9688BC4F1381C6AA004FA63A /* ScrollTable-Prefix.pch */,
				9688BC501381C6AA004FA63A /* main.m */,
			);
			name = "Supporting Files";
			sourceTree = "<group>";
		};
		96FCC2801382F83F00FC4BA0 /* CriticalViews */ = {
			isa = PBXGroup;
			children = (
			);
			name = CriticalViews;
			sourceTree = "<group>";
		};
/* End PBXGroup section */

/* Begin PBXNativeTarget section */
		9688BC3E1381C6AA004FA63A /* ScrollTable */ = {
			isa = PBXNativeTarget;
			buildConfigurationList = 9688BC601381C6AA004FA63A /* Build configuration list for PBXNativeTarget "ScrollTable" */;
			buildPhases = (
				9688BC3B1381C6AA004FA63A /* Sources */,
				9688BC3C1381C6AA004FA63A /* Frameworks */,
				9688BC3D1381C6AA004FA63A /* Resources */,
			);
			buildRules = (
			);
			dependencies = (
			);
			name = ScrollTable;
			productName = ScrollTable;
			productReference = 9688BC3F1381C6AA004FA63A /* ScrollTable.app */;
			productType = "com.apple.product-type.application";
		};
/* End PBXNativeTarget section */

/* Begin PBXProject section */
		9688BC361381C6AA004FA63A /* Project object */ = {
			isa = PBXProject;
			attributes = {
				ORGANIZATIONNAME = "Auburn & Ivory";
			};
			buildConfigurationList = 9688BC391381C6AA004FA63A /* Build configuration list for PBXProject "ScrollTable" */;
			compatibilityVersion = "Xcode 3.2";
			developmentRegion = English;
			hasScannedForEncodings = 0;
			knownRegions = (
				en,
			);
			mainGroup = 9688BC341381C6AA004FA63A;
			productRefGroup = 9688BC401381C6AA004FA63A /* Products */;
			projectDirPath = "";
			projectRoot = "";
			targets = (
				9688BC3E1381C6AA004FA63A /* ScrollTable */,
			);
		};
/* End PBXProject section */

/* Begin PBXResourcesBuildPhase section */
		9688BC3D1381C6AA004FA63A /* Resources */ = {
			isa = PBXResourcesBuildPhase;
			buildActionMask = 2147483647;
			files = (
				9688BC4E1381C6AA004FA63A /* InfoPlist.strings in Resources */,
				9688BC571381C6AA004FA63A /* MainWindow.xib in Resources */,
				9688BC5D1381C6AA004FA63A /* ScrollTableViewController.xib in Resources */,
				9688BC6F1381CD35004FA63A /* twinpeaks28.jpg in Resources */,
			);
			runOnlyForDeploymentPostprocessing = 0;
		};
/* End PBXResourcesBuildPhase section */

/* Begin PBXSourcesBuildPhase section */
		9688BC3B1381C6AA004FA63A /* Sources */ = {
			isa = PBXSourcesBuildPhase;
			buildActionMask = 2147483647;
			files = (
				9688BC511381C6AA004FA63A /* main.m in Sources */,
				9688BC541381C6AA004FA63A /* ScrollTableAppDelegate.m in Sources */,
				9688BC5A1381C6AA004FA63A /* ScrollTableViewController.m in Sources */,
				9688BC6D1381C8AA004FA63A /* ScrollableViewController.m in Sources */,
				96FCC27E1382F83100FC4BA0 /* CanvasView.m in Sources */,
			);
			runOnlyForDeploymentPostprocessing = 0;
		};
/* End PBXSourcesBuildPhase section */

/* Begin PBXVariantGroup section */
		9688BC4C1381C6AA004FA63A /* InfoPlist.strings */ = {
			isa = PBXVariantGroup;
			children = (
				9688BC4D1381C6AA004FA63A /* en */,
			);
			name = InfoPlist.strings;
			sourceTree = "<group>";
		};
		9688BC551381C6AA004FA63A /* MainWindow.xib */ = {
			isa = PBXVariantGroup;
			children = (
				9688BC561381C6AA004FA63A /* en */,
			);
			name = MainWindow.xib;
			sourceTree = "<group>";
		};
		9688BC5B1381C6AA004FA63A /* ScrollTableViewController.xib */ = {
			isa = PBXVariantGroup;
			children = (
				9688BC5C1381C6AA004FA63A /* en */,
			);
			name = ScrollTableViewController.xib;
			sourceTree = "<group>";
		};
/* End PBXVariantGroup section */

/* Begin XCBuildConfiguration section */
		9688BC5E1381C6AA004FA63A /* Debug */ = {
			isa = XCBuildConfiguration;
			buildSettings = {
				ARCHS = "$(ARCHS_UNIVERSAL_IPHONE_OS)";
				"CODE_SIGN_IDENTITY[sdk=iphoneos*]" = "iPhone Developer";
				GCC_C_LANGUAGE_STANDARD = gnu99;
				GCC_OPTIMIZATION_LEVEL = 0;
				GCC_PREPROCESSOR_DEFINITIONS = DEBUG;
				GCC_SYMBOLS_PRIVATE_EXTERN = NO;
				GCC_VERSION = com.apple.compilers.llvmgcc42;
				GCC_WARN_ABOUT_RETURN_TYPE = YES;
				GCC_WARN_UNUSED_VARIABLE = YES;
				IPHONEOS_DEPLOYMENT_TARGET = 4.3;
				SDKROOT = iphoneos;
				TARGETED_DEVICE_FAMILY = 2;
			};
			name = Debug;
		};
		9688BC5F1381C6AA004FA63A /* Release */ = {
			isa = XCBuildConfiguration;
			buildSettings = {
				ARCHS = "$(ARCHS_UNIVERSAL_IPHONE_OS)";
				"CODE_SIGN_IDENTITY[sdk=iphoneos*]" = "iPhone Developer";
				GCC_C_LANGUAGE_STANDARD = gnu99;
				GCC_VERSION = com.apple.compilers.llvmgcc42;
				GCC_WARN_ABOUT_RETURN_TYPE = YES;
				GCC_WARN_UNUSED_VARIABLE = YES;
				IPHONEOS_DEPLOYMENT_TARGET = 4.3;
				OTHER_CFLAGS = "-DNS_BLOCK_ASSERTIONS=1";
				SDKROOT = iphoneos;
				TARGETED_DEVICE_FAMILY = 2;
			};
			name = Release;
		};
		9688BC611381C6AA004FA63A /* Debug */ = {
			isa = XCBuildConfiguration;
			buildSettings = {
				ALWAYS_SEARCH_USER_PATHS = NO;
				COPY_PHASE_STRIP = NO;
				GCC_DYNAMIC_NO_PIC = NO;
				GCC_PRECOMPILE_PREFIX_HEADER = YES;
				GCC_PREFIX_HEADER = "ScrollTable/ScrollTable-Prefix.pch";
				INFOPLIST_FILE = "ScrollTable/ScrollTable-Info.plist";
				PRODUCT_NAME = "$(TARGET_NAME)";
				WRAPPER_EXTENSION = app;
			};
			name = Debug;
		};
		9688BC621381C6AA004FA63A /* Release */ = {
			isa = XCBuildConfiguration;
			buildSettings = {
				ALWAYS_SEARCH_USER_PATHS = NO;
				COPY_PHASE_STRIP = YES;
				GCC_PRECOMPILE_PREFIX_HEADER = YES;
				GCC_PREFIX_HEADER = "ScrollTable/ScrollTable-Prefix.pch";
				INFOPLIST_FILE = "ScrollTable/ScrollTable-Info.plist";
				PRODUCT_NAME = "$(TARGET_NAME)";
				VALIDATE_PRODUCT = YES;
				WRAPPER_EXTENSION = app;
			};
			name = Release;
		};
/* End XCBuildConfiguration section */

/* Begin XCConfigurationList section */
		9688BC391381C6AA004FA63A /* Build configuration list for PBXProject "ScrollTable" */ = {
			isa = XCConfigurationList;
			buildConfigurations = (
				9688BC5E1381C6AA004FA63A /* Debug */,
				9688BC5F1381C6AA004FA63A /* Release */,
			);
			defaultConfigurationIsVisible = 0;
			defaultConfigurationName = Release;
		};
		9688BC601381C6AA004FA63A /* Build configuration list for PBXNativeTarget "ScrollTable" */ = {
			isa = XCConfigurationList;
			buildConfigurations = (
				9688BC611381C6AA004FA63A /* Debug */,
				9688BC621381C6AA004FA63A /* Release */,
			);
			defaultConfigurationIsVisible = 0;
			defaultConfigurationName = Release;
		};
/* End XCConfigurationList section */
	};
	rootObject = 9688BC361381C6AA004FA63A /* Project object */;
}
